
Microsoft Visual Studio Solution File, Format Version 12.00
# Visual Studio Version 17
VisualStudioVersion = 17.7.34202.233
MinimumVisualStudioVersion = 10.0.40219.1
Project("{FAE04EC0-301F-11D3-BF4B-00C04F79EFBC}") = "VNCOverlay", "VNCOverlay\VNCOverlay.csproj", "{970E9DC1-CC40-4597-855D-C69639FCBFBA}"
EndProject
Project("{FAE04EC0-301F-11D3-BF4B-00C04F79EFBC}") = "VNCOverlayUI", "VNCOverlayUI\VNCOverlayUI.csproj", "{B60FC822-BE1F-4D9D-B288-12A7B7AD5664}"
EndProject
Project("{B7DD6F7E-DEF8-4E67-B5B7-07EF123DB6F0}") = "VNCOverlayInstaller", "VNCOverlayInstaller\VNCOverlayInstaller.wixproj", "{82E38051-EBCB-4DBC-85C0-26A76C136E80}"
EndProject
Global
	GlobalSection(SolutionConfigurationPlatforms) = preSolution
		Debug|Any CPU = Debug|Any CPU
		Debug|ARM64 = Debug|ARM64
		Debug|x64 = Debug|x64
		Debug|x86 = Debug|x86
		Release|Any CPU = Release|Any CPU
		Release|ARM64 = Release|ARM64
		Release|x64 = Release|x64
		Release|x86 = Release|x86
	EndGlobalSection
	GlobalSection(ProjectConfigurationPlatforms) = postSolution
		{970E9DC1-CC40-4597-855D-C69639FCBFBA}.Debug|Any CPU.ActiveCfg = Debug|Any CPU
		{970E9DC1-CC40-4597-855D-C69639FCBFBA}.Debug|Any CPU.Build.0 = Debug|Any CPU
		{970E9DC1-CC40-4597-855D-C69639FCBFBA}.Debug|ARM64.ActiveCfg = Debug|Any CPU
		{970E9DC1-CC40-4597-855D-C69639FCBFBA}.Debug|ARM64.Build.0 = Debug|Any CPU
		{970E9DC1-CC40-4597-855D-C69639FCBFBA}.Debug|x64.ActiveCfg = Debug|Any CPU
		{970E9DC1-CC40-4597-855D-C69639FCBFBA}.Debug|x64.Build.0 = Debug|Any CPU
		{970E9DC1-CC40-4597-855D-C69639FCBFBA}.Debug|x86.ActiveCfg = Debug|Any CPU
		{970E9DC1-CC40-4597-855D-C69639FCBFBA}.Debug|x86.Build.0 = Debug|Any CPU
		{970E9DC1-CC40-4597-855D-C69639FCBFBA}.Release|Any CPU.ActiveCfg = Release|Any CPU
		{970E9DC1-CC40-4597-855D-C69639FCBFBA}.Release|Any CPU.Build.0 = Release|Any CPU
		{970E9DC1-CC40-4597-855D-C69639FCBFBA}.Release|ARM64.ActiveCfg = Release|Any CPU
		{970E9DC1-CC40-4597-855D-C69639FCBFBA}.Release|ARM64.Build.0 = Release|Any CPU
		{970E9DC1-CC40-4597-855D-C69639FCBFBA}.Release|x64.ActiveCfg = Release|Any CPU
		{970E9DC1-CC40-4597-855D-C69639FCBFBA}.Release|x64.Build.0 = Release|Any CPU
		{970E9DC1-CC40-4597-855D-C69639FCBFBA}.Release|x86.ActiveCfg = Release|Any CPU
		{970E9DC1-CC40-4597-855D-C69639FCBFBA}.Release|x86.Build.0 = Release|Any CPU
		{B60FC822-BE1F-4D9D-B288-12A7B7AD5664}.Debug|Any CPU.ActiveCfg = Debug|Any CPU
		{B60FC822-BE1F-4D9D-B288-12A7B7AD5664}.Debug|Any CPU.Build.0 = Debug|Any CPU
		{B60FC822-BE1F-4D9D-B288-12A7B7AD5664}.Debug|ARM64.ActiveCfg = Debug|Any CPU
		{B60FC822-BE1F-4D9D-B288-12A7B7AD5664}.Debug|ARM64.Build.0 = Debug|Any CPU
		{B60FC822-BE1F-4D9D-B288-12A7B7AD5664}.Debug|x64.ActiveCfg = Debug|Any CPU
		{B60FC822-BE1F-4D9D-B288-12A7B7AD5664}.Debug|x64.Build.0 = Debug|Any CPU
		{B60FC822-BE1F-4D9D-B288-12A7B7AD5664}.Debug|x86.ActiveCfg = Debug|Any CPU
		{B60FC822-BE1F-4D9D-B288-12A7B7AD5664}.Debug|x86.Build.0 = Debug|Any CPU
		{B60FC822-BE1F-4D9D-B288-12A7B7AD5664}.Release|Any CPU.ActiveCfg = Release|Any CPU
		{B60FC822-BE1F-4D9D-B288-12A7B7AD5664}.Release|Any CPU.Build.0 = Release|Any CPU
		{B60FC822-BE1F-4D9D-B288-12A7B7AD5664}.Release|ARM64.ActiveCfg = Release|Any CPU
		{B60FC822-BE1F-4D9D-B288-12A7B7AD5664}.Release|ARM64.Build.0 = Release|Any CPU
		{B60FC822-BE1F-4D9D-B288-12A7B7AD5664}.Release|x64.ActiveCfg = Release|Any CPU
		{B60FC822-BE1F-4D9D-B288-12A7B7AD5664}.Release|x64.Build.0 = Release|Any CPU
		{B60FC822-BE1F-4D9D-B288-12A7B7AD5664}.Release|x86.ActiveCfg = Release|Any CPU
		{B60FC822-BE1F-4D9D-B288-12A7B7AD5664}.Release|x86.Build.0 = Release|Any CPU
		{82E38051-EBCB-4DBC-85C0-26A76C136E80}.Debug|Any CPU.ActiveCfg = Debug|x64
		{82E38051-EBCB-4DBC-85C0-26A76C136E80}.Debug|Any CPU.Build.0 = Debug|x64
		{82E38051-EBCB-4DBC-85C0-26A76C136E80}.Debug|ARM64.ActiveCfg = Debug|ARM64
		{82E38051-EBCB-4DBC-85C0-26A76C136E80}.Debug|ARM64.Build.0 = Debug|ARM64
		{82E38051-EBCB-4DBC-85C0-26A76C136E80}.Debug|x64.ActiveCfg = Debug|x64
		{82E38051-EBCB-4DBC-85C0-26A76C136E80}.Debug|x64.Build.0 = Debug|x64
		{82E38051-EBCB-4DBC-85C0-26A76C136E80}.Debug|x86.ActiveCfg = Debug|x86
		{82E38051-EBCB-4DBC-85C0-26A76C136E80}.Debug|x86.Build.0 = Debug|x86
		{82E38051-EBCB-4DBC-85C0-26A76C136E80}.Release|Any CPU.ActiveCfg = Release|x64
		{82E38051-EBCB-4DBC-85C0-26A76C136E80}.Release|Any CPU.Build.0 = Release|x64
		{82E38051-EBCB-4DBC-85C0-26A76C136E80}.Release|ARM64.ActiveCfg = Release|ARM64
		{82E38051-EBCB-4DBC-85C0-26A76C136E80}.Release|ARM64.Build.0 = Release|ARM64
		{82E38051-EBCB-4DBC-85C0-26A76C136E80}.Release|x64.ActiveCfg = Release|x64
		{82E38051-EBCB-4DBC-85C0-26A76C136E80}.Release|x64.Build.0 = Release|x64
		{82E38051-EBCB-4DBC-85C0-26A76C136E80}.Release|x86.ActiveCfg = Release|x86
		{82E38051-EBCB-4DBC-85C0-26A76C136E80}.Release|x86.Build.0 = Release|x86
	EndGlobalSection
	GlobalSection(SolutionProperties) = preSolution
		HideSolutionNode = FALSE
	EndGlobalSection
	GlobalSection(ExtensibilityGlobals) = postSolution
		SolutionGuid = {C99A3D6F-F781-4338-9C0C-8ADDDACC72A8}
	EndGlobalSection
EndGlobal
