
Microsoft Visual Studio Solution File, Format Version 12.00
# Visual Studio Version 17
VisualStudioVersion = 17.7.34202.233
MinimumVisualStudioVersion = 10.0.40219.1
Project("{9A19103F-16F7-4668-BE54-9A1E7A4F7556}") = "VNCOverlay", "VNCOverlay\VNCOverlay.csproj", "{F7FB3E46-CF33-40B6-8B77-E56EC128A41D}"
EndProject
Global
	GlobalSection(SolutionConfigurationPlatforms) = preSolution
		Bitmap|Any CPU = Bitmap|Any CPU
		Bitmap|ARM64 = Bitmap|ARM64
		Bitmap|x64 = Bitmap|x64
		Bitmap|x86 = Bitmap|x86
		Debug|Any CPU = Debug|Any CPU
		Debug|ARM64 = Debug|ARM64
		Debug|x64 = Debug|x64
		Debug|x86 = Debug|x86
		Release|Any CPU = Release|Any CPU
		Release|ARM64 = Release|ARM64
		Release|x64 = Release|x64
		Release|x86 = Release|x86
	EndGlobalSection
	GlobalSection(ProjectConfigurationPlatforms) = postSolution
		{F7FB3E46-CF33-40B6-8B77-E56EC128A41D}.Bitmap|Any CPU.ActiveCfg = Debug|Any CPU
		{F7FB3E46-CF33-40B6-8B77-E56EC128A41D}.Bitmap|Any CPU.Build.0 = Debug|Any CPU
		{F7FB3E46-CF33-40B6-8B77-E56EC128A41D}.Bitmap|ARM64.ActiveCfg = Debug|Any CPU
		{F7FB3E46-CF33-40B6-8B77-E56EC128A41D}.Bitmap|ARM64.Build.0 = Debug|Any CPU
		{F7FB3E46-CF33-40B6-8B77-E56EC128A41D}.Bitmap|x64.ActiveCfg = Debug|Any CPU
		{F7FB3E46-CF33-40B6-8B77-E56EC128A41D}.Bitmap|x64.Build.0 = Debug|Any CPU
		{F7FB3E46-CF33-40B6-8B77-E56EC128A41D}.Bitmap|x86.ActiveCfg = Debug|Any CPU
		{F7FB3E46-CF33-40B6-8B77-E56EC128A41D}.Bitmap|x86.Build.0 = Debug|Any CPU
		{F7FB3E46-CF33-40B6-8B77-E56EC128A41D}.Debug|Any CPU.ActiveCfg = Debug|Any CPU
		{F7FB3E46-CF33-40B6-8B77-E56EC128A41D}.Debug|Any CPU.Build.0 = Debug|Any CPU
		{F7FB3E46-CF33-40B6-8B77-E56EC128A41D}.Debug|ARM64.ActiveCfg = Debug|Any CPU
		{F7FB3E46-CF33-40B6-8B77-E56EC128A41D}.Debug|ARM64.Build.0 = Debug|Any CPU
		{F7FB3E46-CF33-40B6-8B77-E56EC128A41D}.Debug|x64.ActiveCfg = Debug|Any CPU
		{F7FB3E46-CF33-40B6-8B77-E56EC128A41D}.Debug|x64.Build.0 = Debug|Any CPU
		{F7FB3E46-CF33-40B6-8B77-E56EC128A41D}.Debug|x86.ActiveCfg = Debug|Any CPU
		{F7FB3E46-CF33-40B6-8B77-E56EC128A41D}.Debug|x86.Build.0 = Debug|Any CPU
		{F7FB3E46-CF33-40B6-8B77-E56EC128A41D}.Release|Any CPU.ActiveCfg = Release|Any CPU
		{F7FB3E46-CF33-40B6-8B77-E56EC128A41D}.Release|Any CPU.Build.0 = Release|Any CPU
		{F7FB3E46-CF33-40B6-8B77-E56EC128A41D}.Release|ARM64.ActiveCfg = Release|Any CPU
		{F7FB3E46-CF33-40B6-8B77-E56EC128A41D}.Release|ARM64.Build.0 = Release|Any CPU
		{F7FB3E46-CF33-40B6-8B77-E56EC128A41D}.Release|x64.ActiveCfg = Release|Any CPU
		{F7FB3E46-CF33-40B6-8B77-E56EC128A41D}.Release|x64.Build.0 = Release|Any CPU
		{F7FB3E46-CF33-40B6-8B77-E56EC128A41D}.Release|x86.ActiveCfg = Release|Any CPU
		{F7FB3E46-CF33-40B6-8B77-E56EC128A41D}.Release|x86.Build.0 = Release|Any CPU
	EndGlobalSection
	GlobalSection(SolutionProperties) = preSolution
		HideSolutionNode = FALSE
	EndGlobalSection
	GlobalSection(ExtensibilityGlobals) = postSolution
		SolutionGuid = {C99A3D6F-F781-4338-9C0C-8ADDDACC72A8}
	EndGlobalSection
EndGlobal
