
Microsoft Visual Studio Solution File, Format Version 12.00
# Visual Studio Version 17
VisualStudioVersion = 17.7.34202.233
MinimumVisualStudioVersion = 10.0.40219.1
Project("{FAE04EC0-301F-11D3-BF4B-00C04F79EFBC}") = "VNCOverlayUI", "VNCOverlayUI\VNCOverlayUI.csproj", "{B60FC822-BE1F-4D9D-B288-12A7B7AD5664}"
EndProject
Project("{B7DD6F7E-DEF8-4E67-B5B7-07EF123DB6F0}") = "VNCOverlayInstaller", "VNCOverlayInstaller\VNCOverlayInstaller.wixproj", "{82E38051-EBCB-4DBC-85C0-26A76C136E80}"
	ProjectSection(ProjectDependencies) = postProject
		{3E6E3675-4E3D-4267-B29A-7B422A84CD40} = {3E6E3675-4E3D-4267-B29A-7B422A84CD40}
		{B60FC822-BE1F-4D9D-B288-12A7B7AD5664} = {B60FC822-BE1F-4D9D-B288-12A7B7AD5664}
	EndProjectSection
EndProject
Project("{9A19103F-16F7-4668-BE54-9A1E7A4F7556}") = "VNCOverlayConfigUI", "VNCOverlayConfigUI\VNCOverlayConfigUI.csproj", "{3E6E3675-4E3D-4267-B29A-7B422A84CD40}"
EndProject
Project("{9A19103F-16F7-4668-BE54-9A1E7A4F7556}") = "VNCOverlayWorkerService", "VNCOverlayWorkerService\VNCOverlayWorkerService.csproj", "{68AAAD01-34A6-4C25-A35F-A4EA80892766}"
EndProject
Project("{FAE04EC0-301F-11D3-BF4B-00C04F79EFBC}") = "VNCOverlayService", "VNCOverlayService\VNCOverlayService.csproj", "{970E9DC1-CC40-4597-855D-C69639FCBFBA}"
EndProject
Project("{FAE04EC0-301F-11D3-BF4B-00C04F79EFBC}") = "VNCOverlay", "VNCOverlay\VNCOverlay.csproj", "{F7FB3E46-CF33-40B6-8B77-E56EC128A41D}"
EndProject
Global
	GlobalSection(SolutionConfigurationPlatforms) = preSolution
		Bitmap|Any CPU = Bitmap|Any CPU
		Bitmap|ARM64 = Bitmap|ARM64
		Bitmap|x64 = Bitmap|x64
		Bitmap|x86 = Bitmap|x86
		Debug|Any CPU = Debug|Any CPU
		Debug|ARM64 = Debug|ARM64
		Debug|x64 = Debug|x64
		Debug|x86 = Debug|x86
		Release|Any CPU = Release|Any CPU
		Release|ARM64 = Release|ARM64
		Release|x64 = Release|x64
		Release|x86 = Release|x86
	EndGlobalSection
	GlobalSection(ProjectConfigurationPlatforms) = postSolution
		{B60FC822-BE1F-4D9D-B288-12A7B7AD5664}.Bitmap|Any CPU.ActiveCfg = Bitmap|Any CPU
		{B60FC822-BE1F-4D9D-B288-12A7B7AD5664}.Bitmap|Any CPU.Build.0 = Bitmap|Any CPU
		{B60FC822-BE1F-4D9D-B288-12A7B7AD5664}.Bitmap|ARM64.ActiveCfg = Bitmap|Any CPU
		{B60FC822-BE1F-4D9D-B288-12A7B7AD5664}.Bitmap|ARM64.Build.0 = Bitmap|Any CPU
		{B60FC822-BE1F-4D9D-B288-12A7B7AD5664}.Bitmap|x64.ActiveCfg = Bitmap|Any CPU
		{B60FC822-BE1F-4D9D-B288-12A7B7AD5664}.Bitmap|x64.Build.0 = Bitmap|Any CPU
		{B60FC822-BE1F-4D9D-B288-12A7B7AD5664}.Bitmap|x86.ActiveCfg = Bitmap|Any CPU
		{B60FC822-BE1F-4D9D-B288-12A7B7AD5664}.Bitmap|x86.Build.0 = Bitmap|Any CPU
		{B60FC822-BE1F-4D9D-B288-12A7B7AD5664}.Debug|Any CPU.ActiveCfg = Debug|Any CPU
		{B60FC822-BE1F-4D9D-B288-12A7B7AD5664}.Debug|Any CPU.Build.0 = Debug|Any CPU
		{B60FC822-BE1F-4D9D-B288-12A7B7AD5664}.Debug|ARM64.ActiveCfg = Debug|Any CPU
		{B60FC822-BE1F-4D9D-B288-12A7B7AD5664}.Debug|ARM64.Build.0 = Debug|Any CPU
		{B60FC822-BE1F-4D9D-B288-12A7B7AD5664}.Debug|x64.ActiveCfg = Debug|Any CPU
		{B60FC822-BE1F-4D9D-B288-12A7B7AD5664}.Debug|x64.Build.0 = Debug|Any CPU
		{B60FC822-BE1F-4D9D-B288-12A7B7AD5664}.Debug|x86.ActiveCfg = Debug|Any CPU
		{B60FC822-BE1F-4D9D-B288-12A7B7AD5664}.Debug|x86.Build.0 = Debug|Any CPU
		{B60FC822-BE1F-4D9D-B288-12A7B7AD5664}.Release|Any CPU.ActiveCfg = Release|Any CPU
		{B60FC822-BE1F-4D9D-B288-12A7B7AD5664}.Release|Any CPU.Build.0 = Release|Any CPU
		{B60FC822-BE1F-4D9D-B288-12A7B7AD5664}.Release|ARM64.ActiveCfg = Release|Any CPU
		{B60FC822-BE1F-4D9D-B288-12A7B7AD5664}.Release|ARM64.Build.0 = Release|Any CPU
		{B60FC822-BE1F-4D9D-B288-12A7B7AD5664}.Release|x64.ActiveCfg = Release|Any CPU
		{B60FC822-BE1F-4D9D-B288-12A7B7AD5664}.Release|x64.Build.0 = Release|Any CPU
		{B60FC822-BE1F-4D9D-B288-12A7B7AD5664}.Release|x86.ActiveCfg = Release|Any CPU
		{B60FC822-BE1F-4D9D-B288-12A7B7AD5664}.Release|x86.Build.0 = Release|Any CPU
		{82E38051-EBCB-4DBC-85C0-26A76C136E80}.Bitmap|Any CPU.ActiveCfg = Release|x64
		{82E38051-EBCB-4DBC-85C0-26A76C136E80}.Bitmap|Any CPU.Build.0 = Release|x64
		{82E38051-EBCB-4DBC-85C0-26A76C136E80}.Bitmap|ARM64.ActiveCfg = Bitmap|ARM64
		{82E38051-EBCB-4DBC-85C0-26A76C136E80}.Bitmap|ARM64.Build.0 = Bitmap|ARM64
		{82E38051-EBCB-4DBC-85C0-26A76C136E80}.Bitmap|x64.ActiveCfg = Bitmap|x64
		{82E38051-EBCB-4DBC-85C0-26A76C136E80}.Bitmap|x64.Build.0 = Bitmap|x64
		{82E38051-EBCB-4DBC-85C0-26A76C136E80}.Bitmap|x86.ActiveCfg = Bitmap|x86
		{82E38051-EBCB-4DBC-85C0-26A76C136E80}.Bitmap|x86.Build.0 = Bitmap|x86
		{82E38051-EBCB-4DBC-85C0-26A76C136E80}.Debug|Any CPU.ActiveCfg = Debug|x64
		{82E38051-EBCB-4DBC-85C0-26A76C136E80}.Debug|Any CPU.Build.0 = Debug|x64
		{82E38051-EBCB-4DBC-85C0-26A76C136E80}.Debug|ARM64.ActiveCfg = Debug|ARM64
		{82E38051-EBCB-4DBC-85C0-26A76C136E80}.Debug|ARM64.Build.0 = Debug|ARM64
		{82E38051-EBCB-4DBC-85C0-26A76C136E80}.Debug|x64.ActiveCfg = Debug|x64
		{82E38051-EBCB-4DBC-85C0-26A76C136E80}.Debug|x64.Build.0 = Debug|x64
		{82E38051-EBCB-4DBC-85C0-26A76C136E80}.Debug|x86.ActiveCfg = Debug|x86
		{82E38051-EBCB-4DBC-85C0-26A76C136E80}.Debug|x86.Build.0 = Debug|x86
		{82E38051-EBCB-4DBC-85C0-26A76C136E80}.Release|Any CPU.ActiveCfg = Release|x64
		{82E38051-EBCB-4DBC-85C0-26A76C136E80}.Release|Any CPU.Build.0 = Release|x64
		{82E38051-EBCB-4DBC-85C0-26A76C136E80}.Release|ARM64.ActiveCfg = Release|ARM64
		{82E38051-EBCB-4DBC-85C0-26A76C136E80}.Release|ARM64.Build.0 = Release|ARM64
		{82E38051-EBCB-4DBC-85C0-26A76C136E80}.Release|x64.ActiveCfg = Release|x64
		{82E38051-EBCB-4DBC-85C0-26A76C136E80}.Release|x64.Build.0 = Release|x64
		{82E38051-EBCB-4DBC-85C0-26A76C136E80}.Release|x86.ActiveCfg = Release|x86
		{82E38051-EBCB-4DBC-85C0-26A76C136E80}.Release|x86.Build.0 = Release|x86
		{3E6E3675-4E3D-4267-B29A-7B422A84CD40}.Bitmap|Any CPU.ActiveCfg = Release|Any CPU
		{3E6E3675-4E3D-4267-B29A-7B422A84CD40}.Bitmap|Any CPU.Build.0 = Release|Any CPU
		{3E6E3675-4E3D-4267-B29A-7B422A84CD40}.Bitmap|ARM64.ActiveCfg = Bitmap|Any CPU
		{3E6E3675-4E3D-4267-B29A-7B422A84CD40}.Bitmap|ARM64.Build.0 = Bitmap|Any CPU
		{3E6E3675-4E3D-4267-B29A-7B422A84CD40}.Bitmap|x64.ActiveCfg = Bitmap|Any CPU
		{3E6E3675-4E3D-4267-B29A-7B422A84CD40}.Bitmap|x64.Build.0 = Bitmap|Any CPU
		{3E6E3675-4E3D-4267-B29A-7B422A84CD40}.Bitmap|x86.ActiveCfg = Bitmap|Any CPU
		{3E6E3675-4E3D-4267-B29A-7B422A84CD40}.Bitmap|x86.Build.0 = Bitmap|Any CPU
		{3E6E3675-4E3D-4267-B29A-7B422A84CD40}.Debug|Any CPU.ActiveCfg = Debug|Any CPU
		{3E6E3675-4E3D-4267-B29A-7B422A84CD40}.Debug|Any CPU.Build.0 = Debug|Any CPU
		{3E6E3675-4E3D-4267-B29A-7B422A84CD40}.Debug|ARM64.ActiveCfg = Debug|Any CPU
		{3E6E3675-4E3D-4267-B29A-7B422A84CD40}.Debug|ARM64.Build.0 = Debug|Any CPU
		{3E6E3675-4E3D-4267-B29A-7B422A84CD40}.Debug|x64.ActiveCfg = Debug|Any CPU
		{3E6E3675-4E3D-4267-B29A-7B422A84CD40}.Debug|x64.Build.0 = Debug|Any CPU
		{3E6E3675-4E3D-4267-B29A-7B422A84CD40}.Debug|x86.ActiveCfg = Debug|Any CPU
		{3E6E3675-4E3D-4267-B29A-7B422A84CD40}.Debug|x86.Build.0 = Debug|Any CPU
		{3E6E3675-4E3D-4267-B29A-7B422A84CD40}.Release|Any CPU.ActiveCfg = Release|Any CPU
		{3E6E3675-4E3D-4267-B29A-7B422A84CD40}.Release|Any CPU.Build.0 = Release|Any CPU
		{3E6E3675-4E3D-4267-B29A-7B422A84CD40}.Release|ARM64.ActiveCfg = Release|Any CPU
		{3E6E3675-4E3D-4267-B29A-7B422A84CD40}.Release|ARM64.Build.0 = Release|Any CPU
		{3E6E3675-4E3D-4267-B29A-7B422A84CD40}.Release|x64.ActiveCfg = Release|Any CPU
		{3E6E3675-4E3D-4267-B29A-7B422A84CD40}.Release|x64.Build.0 = Release|Any CPU
		{3E6E3675-4E3D-4267-B29A-7B422A84CD40}.Release|x86.ActiveCfg = Release|Any CPU
		{3E6E3675-4E3D-4267-B29A-7B422A84CD40}.Release|x86.Build.0 = Release|Any CPU
		{68AAAD01-34A6-4C25-A35F-A4EA80892766}.Bitmap|Any CPU.ActiveCfg = Debug|Any CPU
		{68AAAD01-34A6-4C25-A35F-A4EA80892766}.Bitmap|Any CPU.Build.0 = Debug|Any CPU
		{68AAAD01-34A6-4C25-A35F-A4EA80892766}.Bitmap|ARM64.ActiveCfg = Debug|Any CPU
		{68AAAD01-34A6-4C25-A35F-A4EA80892766}.Bitmap|ARM64.Build.0 = Debug|Any CPU
		{68AAAD01-34A6-4C25-A35F-A4EA80892766}.Bitmap|x64.ActiveCfg = Debug|Any CPU
		{68AAAD01-34A6-4C25-A35F-A4EA80892766}.Bitmap|x64.Build.0 = Debug|Any CPU
		{68AAAD01-34A6-4C25-A35F-A4EA80892766}.Bitmap|x86.ActiveCfg = Debug|Any CPU
		{68AAAD01-34A6-4C25-A35F-A4EA80892766}.Bitmap|x86.Build.0 = Debug|Any CPU
		{68AAAD01-34A6-4C25-A35F-A4EA80892766}.Debug|Any CPU.ActiveCfg = Debug|Any CPU
		{68AAAD01-34A6-4C25-A35F-A4EA80892766}.Debug|Any CPU.Build.0 = Debug|Any CPU
		{68AAAD01-34A6-4C25-A35F-A4EA80892766}.Debug|ARM64.ActiveCfg = Debug|Any CPU
		{68AAAD01-34A6-4C25-A35F-A4EA80892766}.Debug|ARM64.Build.0 = Debug|Any CPU
		{68AAAD01-34A6-4C25-A35F-A4EA80892766}.Debug|x64.ActiveCfg = Debug|Any CPU
		{68AAAD01-34A6-4C25-A35F-A4EA80892766}.Debug|x64.Build.0 = Debug|Any CPU
		{68AAAD01-34A6-4C25-A35F-A4EA80892766}.Debug|x86.ActiveCfg = Debug|Any CPU
		{68AAAD01-34A6-4C25-A35F-A4EA80892766}.Debug|x86.Build.0 = Debug|Any CPU
		{68AAAD01-34A6-4C25-A35F-A4EA80892766}.Release|Any CPU.ActiveCfg = Release|Any CPU
		{68AAAD01-34A6-4C25-A35F-A4EA80892766}.Release|Any CPU.Build.0 = Release|Any CPU
		{68AAAD01-34A6-4C25-A35F-A4EA80892766}.Release|ARM64.ActiveCfg = Release|Any CPU
		{68AAAD01-34A6-4C25-A35F-A4EA80892766}.Release|ARM64.Build.0 = Release|Any CPU
		{68AAAD01-34A6-4C25-A35F-A4EA80892766}.Release|x64.ActiveCfg = Release|Any CPU
		{68AAAD01-34A6-4C25-A35F-A4EA80892766}.Release|x64.Build.0 = Release|Any CPU
		{68AAAD01-34A6-4C25-A35F-A4EA80892766}.Release|x86.ActiveCfg = Release|Any CPU
		{68AAAD01-34A6-4C25-A35F-A4EA80892766}.Release|x86.Build.0 = Release|Any CPU
		{970E9DC1-CC40-4597-855D-C69639FCBFBA}.Bitmap|Any CPU.ActiveCfg = Bitmap|Any CPU
		{970E9DC1-CC40-4597-855D-C69639FCBFBA}.Bitmap|Any CPU.Build.0 = Bitmap|Any CPU
		{970E9DC1-CC40-4597-855D-C69639FCBFBA}.Bitmap|ARM64.ActiveCfg = Bitmap|Any CPU
		{970E9DC1-CC40-4597-855D-C69639FCBFBA}.Bitmap|ARM64.Build.0 = Bitmap|Any CPU
		{970E9DC1-CC40-4597-855D-C69639FCBFBA}.Bitmap|x64.ActiveCfg = Bitmap|Any CPU
		{970E9DC1-CC40-4597-855D-C69639FCBFBA}.Bitmap|x64.Build.0 = Bitmap|Any CPU
		{970E9DC1-CC40-4597-855D-C69639FCBFBA}.Bitmap|x86.ActiveCfg = Bitmap|Any CPU
		{970E9DC1-CC40-4597-855D-C69639FCBFBA}.Bitmap|x86.Build.0 = Bitmap|Any CPU
		{970E9DC1-CC40-4597-855D-C69639FCBFBA}.Debug|Any CPU.ActiveCfg = Debug|Any CPU
		{970E9DC1-CC40-4597-855D-C69639FCBFBA}.Debug|Any CPU.Build.0 = Debug|Any CPU
		{970E9DC1-CC40-4597-855D-C69639FCBFBA}.Debug|ARM64.ActiveCfg = Debug|Any CPU
		{970E9DC1-CC40-4597-855D-C69639FCBFBA}.Debug|ARM64.Build.0 = Debug|Any CPU
		{970E9DC1-CC40-4597-855D-C69639FCBFBA}.Debug|x64.ActiveCfg = Debug|Any CPU
		{970E9DC1-CC40-4597-855D-C69639FCBFBA}.Debug|x64.Build.0 = Debug|Any CPU
		{970E9DC1-CC40-4597-855D-C69639FCBFBA}.Debug|x86.ActiveCfg = Debug|Any CPU
		{970E9DC1-CC40-4597-855D-C69639FCBFBA}.Debug|x86.Build.0 = Debug|Any CPU
		{970E9DC1-CC40-4597-855D-C69639FCBFBA}.Release|Any CPU.ActiveCfg = Release|Any CPU
		{970E9DC1-CC40-4597-855D-C69639FCBFBA}.Release|Any CPU.Build.0 = Release|Any CPU
		{970E9DC1-CC40-4597-855D-C69639FCBFBA}.Release|ARM64.ActiveCfg = Release|Any CPU
		{970E9DC1-CC40-4597-855D-C69639FCBFBA}.Release|ARM64.Build.0 = Release|Any CPU
		{970E9DC1-CC40-4597-855D-C69639FCBFBA}.Release|x64.ActiveCfg = Release|Any CPU
		{970E9DC1-CC40-4597-855D-C69639FCBFBA}.Release|x64.Build.0 = Release|Any CPU
		{970E9DC1-CC40-4597-855D-C69639FCBFBA}.Release|x86.ActiveCfg = Release|Any CPU
		{970E9DC1-CC40-4597-855D-C69639FCBFBA}.Release|x86.Build.0 = Release|Any CPU
		{F7FB3E46-CF33-40B6-8B77-E56EC128A41D}.Bitmap|Any CPU.ActiveCfg = Debug|Any CPU
		{F7FB3E46-CF33-40B6-8B77-E56EC128A41D}.Bitmap|Any CPU.Build.0 = Debug|Any CPU
		{F7FB3E46-CF33-40B6-8B77-E56EC128A41D}.Bitmap|ARM64.ActiveCfg = Debug|Any CPU
		{F7FB3E46-CF33-40B6-8B77-E56EC128A41D}.Bitmap|ARM64.Build.0 = Debug|Any CPU
		{F7FB3E46-CF33-40B6-8B77-E56EC128A41D}.Bitmap|x64.ActiveCfg = Debug|Any CPU
		{F7FB3E46-CF33-40B6-8B77-E56EC128A41D}.Bitmap|x64.Build.0 = Debug|Any CPU
		{F7FB3E46-CF33-40B6-8B77-E56EC128A41D}.Bitmap|x86.ActiveCfg = Debug|Any CPU
		{F7FB3E46-CF33-40B6-8B77-E56EC128A41D}.Bitmap|x86.Build.0 = Debug|Any CPU
		{F7FB3E46-CF33-40B6-8B77-E56EC128A41D}.Debug|Any CPU.ActiveCfg = Debug|Any CPU
		{F7FB3E46-CF33-40B6-8B77-E56EC128A41D}.Debug|Any CPU.Build.0 = Debug|Any CPU
		{F7FB3E46-CF33-40B6-8B77-E56EC128A41D}.Debug|ARM64.ActiveCfg = Debug|Any CPU
		{F7FB3E46-CF33-40B6-8B77-E56EC128A41D}.Debug|ARM64.Build.0 = Debug|Any CPU
		{F7FB3E46-CF33-40B6-8B77-E56EC128A41D}.Debug|x64.ActiveCfg = Debug|Any CPU
		{F7FB3E46-CF33-40B6-8B77-E56EC128A41D}.Debug|x64.Build.0 = Debug|Any CPU
		{F7FB3E46-CF33-40B6-8B77-E56EC128A41D}.Debug|x86.ActiveCfg = Debug|Any CPU
		{F7FB3E46-CF33-40B6-8B77-E56EC128A41D}.Debug|x86.Build.0 = Debug|Any CPU
		{F7FB3E46-CF33-40B6-8B77-E56EC128A41D}.Release|Any CPU.ActiveCfg = Release|Any CPU
		{F7FB3E46-CF33-40B6-8B77-E56EC128A41D}.Release|Any CPU.Build.0 = Release|Any CPU
		{F7FB3E46-CF33-40B6-8B77-E56EC128A41D}.Release|ARM64.ActiveCfg = Release|Any CPU
		{F7FB3E46-CF33-40B6-8B77-E56EC128A41D}.Release|ARM64.Build.0 = Release|Any CPU
		{F7FB3E46-CF33-40B6-8B77-E56EC128A41D}.Release|x64.ActiveCfg = Release|Any CPU
		{F7FB3E46-CF33-40B6-8B77-E56EC128A41D}.Release|x64.Build.0 = Release|Any CPU
		{F7FB3E46-CF33-40B6-8B77-E56EC128A41D}.Release|x86.ActiveCfg = Release|Any CPU
		{F7FB3E46-CF33-40B6-8B77-E56EC128A41D}.Release|x86.Build.0 = Release|Any CPU
	EndGlobalSection
	GlobalSection(SolutionProperties) = preSolution
		HideSolutionNode = FALSE
	EndGlobalSection
	GlobalSection(ExtensibilityGlobals) = postSolution
		SolutionGuid = {C99A3D6F-F781-4338-9C0C-8ADDDACC72A8}
	EndGlobalSection
EndGlobal
